
Microsoft Visual Studio Solution File, Format Version 12.00
# Visual Studio Version 16
VisualStudioVersion = 16.0.30104.148
MinimumVisualStudioVersion = 10.0.40219.1
Project("{FAE04EC0-301F-11D3-BF4B-00C04F79EFBC}") = "biblioClass", "biblioClass.csproj", "{18EE8EA1-417C-4814-BF1E-CA6441DB7513}"
EndProject
Project("{FAE04EC0-301F-11D3-BF4B-00C04F79EFBC}") = "Lab_1_Main", "..\Lab_1_Main\Lab_1_Main.csproj", "{3E45AFFF-8B07-472B-9B59-2C26A29032E8}"
EndProject
Global
	GlobalSection(SolutionConfigurationPlatforms) = preSolution
		Debug|Any CPU = Debug|Any CPU
		Release|Any CPU = Release|Any CPU
	EndGlobalSection
	GlobalSection(ProjectConfigurationPlatforms) = postSolution
		{18EE8EA1-417C-4814-BF1E-CA6441DB7513}.Debug|Any CPU.ActiveCfg = Debug|Any CPU
		{18EE8EA1-417C-4814-BF1E-CA6441DB7513}.Debug|Any CPU.Build.0 = Debug|Any CPU
		{18EE8EA1-417C-4814-BF1E-CA6441DB7513}.Release|Any CPU.ActiveCfg = Release|Any CPU
		{18EE8EA1-417C-4814-BF1E-CA6441DB7513}.Release|Any CPU.Build.0 = Release|Any CPU
		{3E45AFFF-8B07-472B-9B59-2C26A29032E8}.Debug|Any CPU.ActiveCfg = Debug|Any CPU
		{3E45AFFF-8B07-472B-9B59-2C26A29032E8}.Debug|Any CPU.Build.0 = Debug|Any CPU
		{3E45AFFF-8B07-472B-9B59-2C26A29032E8}.Release|Any CPU.ActiveCfg = Release|Any CPU
		{3E45AFFF-8B07-472B-9B59-2C26A29032E8}.Release|Any CPU.Build.0 = Release|Any CPU
	EndGlobalSection
	GlobalSection(SolutionProperties) = preSolution
		HideSolutionNode = FALSE
	EndGlobalSection
	GlobalSection(ExtensibilityGlobals) = postSolution
		SolutionGuid = {6D1F357B-ED2A-415E-AC8D-D8914D0FE05D}
	EndGlobalSection
EndGlobal
